
Microsoft Visual Studio Solution File, Format Version 12.00
# Visual Studio Version 16
VisualStudioVersion = 16.0.30804.86
MinimumVisualStudioVersion = 10.0.40219.1
Project("{FAE04EC0-301F-11D3-BF4B-00C04F79EFBC}") = "InterdanTest.API", "InterdanTest.API\InterdanTest.API.csproj", "{37508CC9-811C-4594-8863-A94BE97B027C}"
EndProject
Project("{FAE04EC0-301F-11D3-BF4B-00C04F79EFBC}") = "InterdanTest.Data", "InterdanTest.Data\InterdanTest.Data.csproj", "{A8F74B49-7CB4-4BDD-B5E0-722839C34A88}"
EndProject
Project("{FAE04EC0-301F-11D3-BF4B-00C04F79EFBC}") = "InterdanTest.Common", "InterdanTest.Common\InterdanTest.Common.csproj", "{5AE39BAF-951B-471F-8E35-0F375C8D72F8}"
EndProject
Global
	GlobalSection(SolutionConfigurationPlatforms) = preSolution
		Debug|Any CPU = Debug|Any CPU
		Release|Any CPU = Release|Any CPU
	EndGlobalSection
	GlobalSection(ProjectConfigurationPlatforms) = postSolution
		{37508CC9-811C-4594-8863-A94BE97B027C}.Debug|Any CPU.ActiveCfg = Debug|Any CPU
		{37508CC9-811C-4594-8863-A94BE97B027C}.Debug|Any CPU.Build.0 = Debug|Any CPU
		{37508CC9-811C-4594-8863-A94BE97B027C}.Release|Any CPU.ActiveCfg = Release|Any CPU
		{37508CC9-811C-4594-8863-A94BE97B027C}.Release|Any CPU.Build.0 = Release|Any CPU
		{A8F74B49-7CB4-4BDD-B5E0-722839C34A88}.Debug|Any CPU.ActiveCfg = Debug|Any CPU
		{A8F74B49-7CB4-4BDD-B5E0-722839C34A88}.Debug|Any CPU.Build.0 = Debug|Any CPU
		{A8F74B49-7CB4-4BDD-B5E0-722839C34A88}.Release|Any CPU.ActiveCfg = Release|Any CPU
		{A8F74B49-7CB4-4BDD-B5E0-722839C34A88}.Release|Any CPU.Build.0 = Release|Any CPU
		{5AE39BAF-951B-471F-8E35-0F375C8D72F8}.Debug|Any CPU.ActiveCfg = Debug|Any CPU
		{5AE39BAF-951B-471F-8E35-0F375C8D72F8}.Debug|Any CPU.Build.0 = Debug|Any CPU
		{5AE39BAF-951B-471F-8E35-0F375C8D72F8}.Release|Any CPU.ActiveCfg = Release|Any CPU
		{5AE39BAF-951B-471F-8E35-0F375C8D72F8}.Release|Any CPU.Build.0 = Release|Any CPU
	EndGlobalSection
	GlobalSection(SolutionProperties) = preSolution
		HideSolutionNode = FALSE
	EndGlobalSection
	GlobalSection(ExtensibilityGlobals) = postSolution
		SolutionGuid = {043FC167-32BF-428E-AA18-BF0ACB666234}
	EndGlobalSection
EndGlobal
